// !$*UTF8*$!
{
	archiveVersion = 1;
	classes = {
	};
	objectVersion = 55;
	objects = {

/* Begin PBXBuildFile section */
		CB12247E280123850087BC0C /* PlayerTableViewCell.swift in Sources */ = {isa = PBXBuildFile; fileRef = CB12247C280123850087BC0C /* PlayerTableViewCell.swift */; };
		CB12247F280123850087BC0C /* PlayerTableViewCell.xib in Resources */ = {isa = PBXBuildFile; fileRef = CB12247D280123850087BC0C /* PlayerTableViewCell.xib */; };
		CB122481280124380087BC0C /* Player.swift in Sources */ = {isa = PBXBuildFile; fileRef = CB122480280124380087BC0C /* Player.swift */; };
		CB1830D427F0EEF400286669 /* AppDelegate.swift in Sources */ = {isa = PBXBuildFile; fileRef = CB1830D327F0EEF400286669 /* AppDelegate.swift */; };
		CB1830D627F0EEF400286669 /* SceneDelegate.swift in Sources */ = {isa = PBXBuildFile; fileRef = CB1830D527F0EEF400286669 /* SceneDelegate.swift */; };
		CB1830D827F0EEF400286669 /* MatchesViewController.swift in Sources */ = {isa = PBXBuildFile; fileRef = CB1830D727F0EEF400286669 /* MatchesViewController.swift */; };
		CB1830E027F0EEF700286669 /* LaunchScreen.storyboard in Resources */ = {isa = PBXBuildFile; fileRef = CB1830DE27F0EEF700286669 /* LaunchScreen.storyboard */; };
		CB1830F027F0F02000286669 /* MainCoordinator.swift in Sources */ = {isa = PBXBuildFile; fileRef = CB1830EF27F0F02000286669 /* MainCoordinator.swift */; };
		CB1830F327F1199D00286669 /* Coordinator.swift in Sources */ = {isa = PBXBuildFile; fileRef = CB1830F227F1199D00286669 /* Coordinator.swift */; };
		CB1830F627F1208100286669 /* AppCoordinator.swift in Sources */ = {isa = PBXBuildFile; fileRef = CB1830F527F1208100286669 /* AppCoordinator.swift */; };
		CB18310027F123B900286669 /* MatchDetailsViewController.swift in Sources */ = {isa = PBXBuildFile; fileRef = CB1830FF27F123B900286669 /* MatchDetailsViewController.swift */; };
		CB18310327F126B000286669 /* MatchesViewModel.swift in Sources */ = {isa = PBXBuildFile; fileRef = CB18310227F126B000286669 /* MatchesViewModel.swift */; };
		CB18310527F127D400286669 /* ViewModelBindable.swift in Sources */ = {isa = PBXBuildFile; fileRef = CB18310427F127D400286669 /* ViewModelBindable.swift */; };
		CB222B6E27F3F6A100A38604 /* MatchesViewController.xib in Resources */ = {isa = PBXBuildFile; fileRef = CB222B6D27F3F6A100A38604 /* MatchesViewController.xib */; };
		CB737D8627F140A000E14603 /* Match.swift in Sources */ = {isa = PBXBuildFile; fileRef = CB737D8527F140A000E14603 /* Match.swift */; };
		CB737D8827F145E400E14603 /* MatchDetailsViewModel.swift in Sources */ = {isa = PBXBuildFile; fileRef = CB737D8727F145E400E14603 /* MatchDetailsViewModel.swift */; };
		CB737D8A27F1572900E14603 /* Assets.xcassets in Resources */ = {isa = PBXBuildFile; fileRef = CB737D8927F1572900E14603 /* Assets.xcassets */; };
		CBD0324C27F7FA6B00FCF1C3 /* Utilities.swift in Sources */ = {isa = PBXBuildFile; fileRef = CBD0324B27F7FA6B00FCF1C3 /* Utilities.swift */; };
		CBD0324E27F8055100FCF1C3 /* MatchDetailsViewController.xib in Resources */ = {isa = PBXBuildFile; fileRef = CBD0324D27F8055100FCF1C3 /* MatchDetailsViewController.xib */; };
		CBEFD2C327F2AFFA00237180 /* MatchTableViewCell.swift in Sources */ = {isa = PBXBuildFile; fileRef = CBEFD2C127F2AFFA00237180 /* MatchTableViewCell.swift */; };
		CBEFD2C427F2AFFA00237180 /* MatchTableViewCell.xib in Resources */ = {isa = PBXBuildFile; fileRef = CBEFD2C227F2AFFA00237180 /* MatchTableViewCell.xib */; };
/* End PBXBuildFile section */

/* Begin PBXFileReference section */
		CB12247C280123850087BC0C /* PlayerTableViewCell.swift */ = {isa = PBXFileReference; lastKnownFileType = sourcecode.swift; path = PlayerTableViewCell.swift; sourceTree = "<group>"; };
		CB12247D280123850087BC0C /* PlayerTableViewCell.xib */ = {isa = PBXFileReference; lastKnownFileType = file.xib; path = PlayerTableViewCell.xib; sourceTree = "<group>"; };
		CB122480280124380087BC0C /* Player.swift */ = {isa = PBXFileReference; lastKnownFileType = sourcecode.swift; path = Player.swift; sourceTree = "<group>"; };
		CB1830D027F0EEF400286669 /* CSTV.app */ = {isa = PBXFileReference; explicitFileType = wrapper.application; includeInIndex = 0; path = CSTV.app; sourceTree = BUILT_PRODUCTS_DIR; };
		CB1830D327F0EEF400286669 /* AppDelegate.swift */ = {isa = PBXFileReference; lastKnownFileType = sourcecode.swift; path = AppDelegate.swift; sourceTree = "<group>"; };
		CB1830D527F0EEF400286669 /* SceneDelegate.swift */ = {isa = PBXFileReference; lastKnownFileType = sourcecode.swift; path = SceneDelegate.swift; sourceTree = "<group>"; };
		CB1830D727F0EEF400286669 /* MatchesViewController.swift */ = {isa = PBXFileReference; lastKnownFileType = sourcecode.swift; path = MatchesViewController.swift; sourceTree = "<group>"; };
		CB1830DF27F0EEF700286669 /* Base */ = {isa = PBXFileReference; lastKnownFileType = file.storyboard; name = Base; path = Base.lproj/LaunchScreen.storyboard; sourceTree = "<group>"; };
		CB1830E127F0EEF700286669 /* Info.plist */ = {isa = PBXFileReference; lastKnownFileType = text.plist.xml; path = Info.plist; sourceTree = "<group>"; };
		CB1830EF27F0F02000286669 /* MainCoordinator.swift */ = {isa = PBXFileReference; lastKnownFileType = sourcecode.swift; path = MainCoordinator.swift; sourceTree = "<group>"; };
		CB1830F227F1199D00286669 /* Coordinator.swift */ = {isa = PBXFileReference; lastKnownFileType = sourcecode.swift; path = Coordinator.swift; sourceTree = "<group>"; };
		CB1830F527F1208100286669 /* AppCoordinator.swift */ = {isa = PBXFileReference; lastKnownFileType = sourcecode.swift; path = AppCoordinator.swift; sourceTree = "<group>"; };
		CB1830FF27F123B900286669 /* MatchDetailsViewController.swift */ = {isa = PBXFileReference; lastKnownFileType = sourcecode.swift; path = MatchDetailsViewController.swift; sourceTree = "<group>"; };
		CB18310227F126B000286669 /* MatchesViewModel.swift */ = {isa = PBXFileReference; lastKnownFileType = sourcecode.swift; path = MatchesViewModel.swift; sourceTree = "<group>"; };
		CB18310427F127D400286669 /* ViewModelBindable.swift */ = {isa = PBXFileReference; lastKnownFileType = sourcecode.swift; path = ViewModelBindable.swift; sourceTree = "<group>"; };
		CB222B6D27F3F6A100A38604 /* MatchesViewController.xib */ = {isa = PBXFileReference; lastKnownFileType = file.xib; path = MatchesViewController.xib; sourceTree = "<group>"; };
		CB737D8527F140A000E14603 /* Match.swift */ = {isa = PBXFileReference; lastKnownFileType = sourcecode.swift; path = Match.swift; sourceTree = "<group>"; };
		CB737D8727F145E400E14603 /* MatchDetailsViewModel.swift */ = {isa = PBXFileReference; lastKnownFileType = sourcecode.swift; path = MatchDetailsViewModel.swift; sourceTree = "<group>"; };
		CB737D8927F1572900E14603 /* Assets.xcassets */ = {isa = PBXFileReference; lastKnownFileType = folder.assetcatalog; path = Assets.xcassets; sourceTree = "<group>"; };
		CBD0324B27F7FA6B00FCF1C3 /* Utilities.swift */ = {isa = PBXFileReference; lastKnownFileType = sourcecode.swift; path = Utilities.swift; sourceTree = "<group>"; };
		CBD0324D27F8055100FCF1C3 /* MatchDetailsViewController.xib */ = {isa = PBXFileReference; lastKnownFileType = file.xib; path = MatchDetailsViewController.xib; sourceTree = "<group>"; };
		CBEFD2C127F2AFFA00237180 /* MatchTableViewCell.swift */ = {isa = PBXFileReference; lastKnownFileType = sourcecode.swift; path = MatchTableViewCell.swift; sourceTree = "<group>"; };
		CBEFD2C227F2AFFA00237180 /* MatchTableViewCell.xib */ = {isa = PBXFileReference; lastKnownFileType = file.xib; path = MatchTableViewCell.xib; sourceTree = "<group>"; };
/* End PBXFileReference section */

/* Begin PBXFrameworksBuildPhase section */
		CB1830CD27F0EEF400286669 /* Frameworks */ = {
			isa = PBXFrameworksBuildPhase;
			buildActionMask = 2147483647;
			files = (
			);
			runOnlyForDeploymentPostprocessing = 0;
		};
/* End PBXFrameworksBuildPhase section */

/* Begin PBXGroup section */
		CB12247B2801233F0087BC0C /* Players */ = {
			isa = PBXGroup;
			children = (
				CB12247C280123850087BC0C /* PlayerTableViewCell.swift */,
				CB12247D280123850087BC0C /* PlayerTableViewCell.xib */,
			);
			path = Players;
			sourceTree = "<group>";
		};
		CB1830C727F0EEF400286669 = {
			isa = PBXGroup;
			children = (
				CB1830D227F0EEF400286669 /* CSTV */,
				CB1830D127F0EEF400286669 /* Products */,
			);
			sourceTree = "<group>";
		};
		CB1830D127F0EEF400286669 /* Products */ = {
			isa = PBXGroup;
			children = (
				CB1830D027F0EEF400286669 /* CSTV.app */,
			);
			name = Products;
			sourceTree = "<group>";
		};
		CB1830D227F0EEF400286669 /* CSTV */ = {
			isa = PBXGroup;
			children = (
				CB1830EC27F0EF9900286669 /* Data */,
				CB1830EB27F0EF8D00286669 /* Resource */,
				CB1830EA27F0EF8500286669 /* Common */,
				CB1830E927F0EF7B00286669 /* Application */,
				CB1830E827F0EF7500286669 /* Model */,
				CB1830E727F0EF6B00286669 /* Scene */,
				CB1830E127F0EEF700286669 /* Info.plist */,
			);
			path = CSTV;
			sourceTree = "<group>";
		};
		CB1830E727F0EF6B00286669 /* Scene */ = {
			isa = PBXGroup;
			children = (
				CB1830ED27F0EFF400286669 /* Main */,
				CB1830EE27F0EFFA00286669 /* Matches */,
				CB1830FA27F1238100286669 /* MatchDetails */,
				CB1830DE27F0EEF700286669 /* LaunchScreen.storyboard */,
			);
			path = Scene;
			sourceTree = "<group>";
		};
		CB1830E827F0EF7500286669 /* Model */ = {
			isa = PBXGroup;
			children = (
				CB737D8527F140A000E14603 /* Match.swift */,
				CB122480280124380087BC0C /* Player.swift */,
			);
			path = Model;
			sourceTree = "<group>";
		};
		CB1830E927F0EF7B00286669 /* Application */ = {
			isa = PBXGroup;
			children = (
				CB1830D327F0EEF400286669 /* AppDelegate.swift */,
				CB1830D527F0EEF400286669 /* SceneDelegate.swift */,
				CB1830F527F1208100286669 /* AppCoordinator.swift */,
			);
			path = Application;
			sourceTree = "<group>";
		};
		CB1830EA27F0EF8500286669 /* Common */ = {
			isa = PBXGroup;
			children = (
				CB1830F427F119C400286669 /* Coordinator */,
				CB18310427F127D400286669 /* ViewModelBindable.swift */,
				CBD0324B27F7FA6B00FCF1C3 /* Utilities.swift */,
			);
			path = Common;
			sourceTree = "<group>";
		};
		CB1830EB27F0EF8D00286669 /* Resource */ = {
			isa = PBXGroup;
			children = (
				CB737D8927F1572900E14603 /* Assets.xcassets */,
			);
			path = Resource;
			sourceTree = "<group>";
		};
		CB1830EC27F0EF9900286669 /* Data */ = {
			isa = PBXGroup;
			children = (
			);
			path = Data;
			sourceTree = "<group>";
		};
		CB1830ED27F0EFF400286669 /* Main */ = {
			isa = PBXGroup;
			children = (
				CB1830EF27F0F02000286669 /* MainCoordinator.swift */,
			);
			path = Main;
			sourceTree = "<group>";
		};
		CB1830EE27F0EFFA00286669 /* Matches */ = {
			isa = PBXGroup;
			children = (
				CB18310127F1269800286669 /* ViewModel */,
				CB1830F727F1223200286669 /* View */,
			);
			path = Matches;
			sourceTree = "<group>";
		};
		CB1830F427F119C400286669 /* Coordinator */ = {
			isa = PBXGroup;
			children = (
				CB1830F227F1199D00286669 /* Coordinator.swift */,
			);
			path = Coordinator;
			sourceTree = "<group>";
		};
		CB1830F727F1223200286669 /* View */ = {
			isa = PBXGroup;
			children = (
				CB18310627F1378C00286669 /* Matches */,
				CB1830D727F0EEF400286669 /* MatchesViewController.swift */,
				CB222B6D27F3F6A100A38604 /* MatchesViewController.xib */,
			);
			path = View;
			sourceTree = "<group>";
		};
		CB1830FA27F1238100286669 /* MatchDetails */ = {
			isa = PBXGroup;
			children = (
				CB1830FE27F123A600286669 /* ViewModel */,
				CB1830FD27F1239D00286669 /* View */,
			);
			path = MatchDetails;
			sourceTree = "<group>";
		};
		CB1830FD27F1239D00286669 /* View */ = {
			isa = PBXGroup;
			children = (
				CB12247B2801233F0087BC0C /* Players */,
				CB1830FF27F123B900286669 /* MatchDetailsViewController.swift */,
				CBD0324D27F8055100FCF1C3 /* MatchDetailsViewController.xib */,
			);
			path = View;
			sourceTree = "<group>";
		};
		CB1830FE27F123A600286669 /* ViewModel */ = {
			isa = PBXGroup;
			children = (
				CB737D8727F145E400E14603 /* MatchDetailsViewModel.swift */,
			);
			path = ViewModel;
			sourceTree = "<group>";
		};
		CB18310127F1269800286669 /* ViewModel */ = {
			isa = PBXGroup;
			children = (
				CB18310227F126B000286669 /* MatchesViewModel.swift */,
			);
			path = ViewModel;
			sourceTree = "<group>";
		};
		CB18310627F1378C00286669 /* Matches */ = {
			isa = PBXGroup;
			children = (
				CBEFD2C127F2AFFA00237180 /* MatchTableViewCell.swift */,
				CBEFD2C227F2AFFA00237180 /* MatchTableViewCell.xib */,
			);
			path = Matches;
			sourceTree = "<group>";
		};
/* End PBXGroup section */

/* Begin PBXNativeTarget section */
		CB1830CF27F0EEF400286669 /* CSTV */ = {
			isa = PBXNativeTarget;
			buildConfigurationList = CB1830E427F0EEF700286669 /* Build configuration list for PBXNativeTarget "CSTV" */;
			buildPhases = (
				CB1830CC27F0EEF400286669 /* Sources */,
				CB1830CD27F0EEF400286669 /* Frameworks */,
				CB1830CE27F0EEF400286669 /* Resources */,
			);
			buildRules = (
			);
			dependencies = (
			);
			name = CSTV;
			productName = CSTV;
			productReference = CB1830D027F0EEF400286669 /* CSTV.app */;
			productType = "com.apple.product-type.application";
		};
/* End PBXNativeTarget section */

/* Begin PBXProject section */
		CB1830C827F0EEF400286669 /* Project object */ = {
			isa = PBXProject;
			attributes = {
				BuildIndependentTargetsInParallel = 1;
				LastSwiftUpdateCheck = 1320;
				LastUpgradeCheck = 1320;
				TargetAttributes = {
					CB1830CF27F0EEF400286669 = {
						CreatedOnToolsVersion = 13.2.1;
					};
				};
			};
			buildConfigurationList = CB1830CB27F0EEF400286669 /* Build configuration list for PBXProject "CSTV" */;
			compatibilityVersion = "Xcode 13.0";
			developmentRegion = en;
			hasScannedForEncodings = 0;
			knownRegions = (
				en,
				Base,
			);
			mainGroup = CB1830C727F0EEF400286669;
			productRefGroup = CB1830D127F0EEF400286669 /* Products */;
			projectDirPath = "";
			projectRoot = "";
			targets = (
				CB1830CF27F0EEF400286669 /* CSTV */,
			);
		};
/* End PBXProject section */

/* Begin PBXResourcesBuildPhase section */
		CB1830CE27F0EEF400286669 /* Resources */ = {
			isa = PBXResourcesBuildPhase;
			buildActionMask = 2147483647;
			files = (
				CB1830E027F0EEF700286669 /* LaunchScreen.storyboard in Resources */,
				CB737D8A27F1572900E14603 /* Assets.xcassets in Resources */,
				CB12247F280123850087BC0C /* PlayerTableViewCell.xib in Resources */,
				CBD0324E27F8055100FCF1C3 /* MatchDetailsViewController.xib in Resources */,
				CB222B6E27F3F6A100A38604 /* MatchesViewController.xib in Resources */,
				CBEFD2C427F2AFFA00237180 /* MatchTableViewCell.xib in Resources */,
			);
			runOnlyForDeploymentPostprocessing = 0;
		};
/* End PBXResourcesBuildPhase section */

/* Begin PBXSourcesBuildPhase section */
		CB1830CC27F0EEF400286669 /* Sources */ = {
			isa = PBXSourcesBuildPhase;
			buildActionMask = 2147483647;
			files = (
				CB12247E280123850087BC0C /* PlayerTableViewCell.swift in Sources */,
				CB1830F627F1208100286669 /* AppCoordinator.swift in Sources */,
				CB1830D827F0EEF400286669 /* MatchesViewController.swift in Sources */,
				CB1830F327F1199D00286669 /* Coordinator.swift in Sources */,
				CB18310527F127D400286669 /* ViewModelBindable.swift in Sources */,
				CBD0324C27F7FA6B00FCF1C3 /* Utilities.swift in Sources */,
				CB1830F027F0F02000286669 /* MainCoordinator.swift in Sources */,
				CB18310027F123B900286669 /* MatchDetailsViewController.swift in Sources */,
				CBEFD2C327F2AFFA00237180 /* MatchTableViewCell.swift in Sources */,
				CB18310327F126B000286669 /* MatchesViewModel.swift in Sources */,
				CB1830D427F0EEF400286669 /* AppDelegate.swift in Sources */,
				CB737D8827F145E400E14603 /* MatchDetailsViewModel.swift in Sources */,
				CB1830D627F0EEF400286669 /* SceneDelegate.swift in Sources */,
				CB122481280124380087BC0C /* Player.swift in Sources */,
				CB737D8627F140A000E14603 /* Match.swift in Sources */,
			);
			runOnlyForDeploymentPostprocessing = 0;
		};
/* End PBXSourcesBuildPhase section */

/* Begin PBXVariantGroup section */
		CB1830DE27F0EEF700286669 /* LaunchScreen.storyboard */ = {
			isa = PBXVariantGroup;
			children = (
				CB1830DF27F0EEF700286669 /* Base */,
			);
			name = LaunchScreen.storyboard;
			sourceTree = "<group>";
		};
/* End PBXVariantGroup section */

/* Begin XCBuildConfiguration section */
		CB1830E227F0EEF700286669 /* Debug */ = {
			isa = XCBuildConfiguration;
			buildSettings = {
				ALWAYS_SEARCH_USER_PATHS = NO;
				CLANG_ANALYZER_NONNULL = YES;
				CLANG_ANALYZER_NUMBER_OBJECT_CONVERSION = YES_AGGRESSIVE;
				CLANG_CXX_LANGUAGE_STANDARD = "gnu++17";
				CLANG_CXX_LIBRARY = "libc++";
				CLANG_ENABLE_MODULES = YES;
				CLANG_ENABLE_OBJC_ARC = YES;
				CLANG_ENABLE_OBJC_WEAK = YES;
				CLANG_WARN_BLOCK_CAPTURE_AUTORELEASING = YES;
				CLANG_WARN_BOOL_CONVERSION = YES;
				CLANG_WARN_COMMA = YES;
				CLANG_WARN_CONSTANT_CONVERSION = YES;
				CLANG_WARN_DEPRECATED_OBJC_IMPLEMENTATIONS = YES;
				CLANG_WARN_DIRECT_OBJC_ISA_USAGE = YES_ERROR;
				CLANG_WARN_DOCUMENTATION_COMMENTS = YES;
				CLANG_WARN_EMPTY_BODY = YES;
				CLANG_WARN_ENUM_CONVERSION = YES;
				CLANG_WARN_INFINITE_RECURSION = YES;
				CLANG_WARN_INT_CONVERSION = YES;
				CLANG_WARN_NON_LITERAL_NULL_CONVERSION = YES;
				CLANG_WARN_OBJC_IMPLICIT_RETAIN_SELF = YES;
				CLANG_WARN_OBJC_LITERAL_CONVERSION = YES;
				CLANG_WARN_OBJC_ROOT_CLASS = YES_ERROR;
				CLANG_WARN_QUOTED_INCLUDE_IN_FRAMEWORK_HEADER = YES;
				CLANG_WARN_RANGE_LOOP_ANALYSIS = YES;
				CLANG_WARN_STRICT_PROTOTYPES = YES;
				CLANG_WARN_SUSPICIOUS_MOVE = YES;
				CLANG_WARN_UNGUARDED_AVAILABILITY = YES_AGGRESSIVE;
				CLANG_WARN_UNREACHABLE_CODE = YES;
				CLANG_WARN__DUPLICATE_METHOD_MATCH = YES;
				COPY_PHASE_STRIP = NO;
				DEBUG_INFORMATION_FORMAT = dwarf;
				ENABLE_STRICT_OBJC_MSGSEND = YES;
				ENABLE_TESTABILITY = YES;
				GCC_C_LANGUAGE_STANDARD = gnu11;
				GCC_DYNAMIC_NO_PIC = NO;
				GCC_NO_COMMON_BLOCKS = YES;
				GCC_OPTIMIZATION_LEVEL = 0;
				GCC_PREPROCESSOR_DEFINITIONS = (
					"DEBUG=1",
					"$(inherited)",
				);
				GCC_WARN_64_TO_32_BIT_CONVERSION = YES;
				GCC_WARN_ABOUT_RETURN_TYPE = YES_ERROR;
				GCC_WARN_UNDECLARED_SELECTOR = YES;
				GCC_WARN_UNINITIALIZED_AUTOS = YES_AGGRESSIVE;
				GCC_WARN_UNUSED_FUNCTION = YES;
				GCC_WARN_UNUSED_VARIABLE = YES;
				IPHONEOS_DEPLOYMENT_TARGET = 15.2;
				MTL_ENABLE_DEBUG_INFO = INCLUDE_SOURCE;
				MTL_FAST_MATH = YES;
				ONLY_ACTIVE_ARCH = YES;
				SDKROOT = iphoneos;
				SWIFT_ACTIVE_COMPILATION_CONDITIONS = DEBUG;
				SWIFT_OPTIMIZATION_LEVEL = "-Onone";
			};
			name = Debug;
		};
		CB1830E327F0EEF700286669 /* Release */ = {
			isa = XCBuildConfiguration;
			buildSettings = {
				ALWAYS_SEARCH_USER_PATHS = NO;
				CLANG_ANALYZER_NONNULL = YES;
				CLANG_ANALYZER_NUMBER_OBJECT_CONVERSION = YES_AGGRESSIVE;
				CLANG_CXX_LANGUAGE_STANDARD = "gnu++17";
				CLANG_CXX_LIBRARY = "libc++";
				CLANG_ENABLE_MODULES = YES;
				CLANG_ENABLE_OBJC_ARC = YES;
				CLANG_ENABLE_OBJC_WEAK = YES;
				CLANG_WARN_BLOCK_CAPTURE_AUTORELEASING = YES;
				CLANG_WARN_BOOL_CONVERSION = YES;
				CLANG_WARN_COMMA = YES;
				CLANG_WARN_CONSTANT_CONVERSION = YES;
				CLANG_WARN_DEPRECATED_OBJC_IMPLEMENTATIONS = YES;
				CLANG_WARN_DIRECT_OBJC_ISA_USAGE = YES_ERROR;
				CLANG_WARN_DOCUMENTATION_COMMENTS = YES;
				CLANG_WARN_EMPTY_BODY = YES;
				CLANG_WARN_ENUM_CONVERSION = YES;
				CLANG_WARN_INFINITE_RECURSION = YES;
				CLANG_WARN_INT_CONVERSION = YES;
				CLANG_WARN_NON_LITERAL_NULL_CONVERSION = YES;
				CLANG_WARN_OBJC_IMPLICIT_RETAIN_SELF = YES;
				CLANG_WARN_OBJC_LITERAL_CONVERSION = YES;
				CLANG_WARN_OBJC_ROOT_CLASS = YES_ERROR;
				CLANG_WARN_QUOTED_INCLUDE_IN_FRAMEWORK_HEADER = YES;
				CLANG_WARN_RANGE_LOOP_ANALYSIS = YES;
				CLANG_WARN_STRICT_PROTOTYPES = YES;
				CLANG_WARN_SUSPICIOUS_MOVE = YES;
				CLANG_WARN_UNGUARDED_AVAILABILITY = YES_AGGRESSIVE;
				CLANG_WARN_UNREACHABLE_CODE = YES;
				CLANG_WARN__DUPLICATE_METHOD_MATCH = YES;
				COPY_PHASE_STRIP = NO;
				DEBUG_INFORMATION_FORMAT = "dwarf-with-dsym";
				ENABLE_NS_ASSERTIONS = NO;
				ENABLE_STRICT_OBJC_MSGSEND = YES;
				GCC_C_LANGUAGE_STANDARD = gnu11;
				GCC_NO_COMMON_BLOCKS = YES;
				GCC_WARN_64_TO_32_BIT_CONVERSION = YES;
				GCC_WARN_ABOUT_RETURN_TYPE = YES_ERROR;
				GCC_WARN_UNDECLARED_SELECTOR = YES;
				GCC_WARN_UNINITIALIZED_AUTOS = YES_AGGRESSIVE;
				GCC_WARN_UNUSED_FUNCTION = YES;
				GCC_WARN_UNUSED_VARIABLE = YES;
				IPHONEOS_DEPLOYMENT_TARGET = 15.2;
				MTL_ENABLE_DEBUG_INFO = NO;
				MTL_FAST_MATH = YES;
				SDKROOT = iphoneos;
				SWIFT_COMPILATION_MODE = wholemodule;
				SWIFT_OPTIMIZATION_LEVEL = "-O";
				VALIDATE_PRODUCT = YES;
			};
			name = Release;
		};
		CB1830E527F0EEF700286669 /* Debug */ = {
			isa = XCBuildConfiguration;
			buildSettings = {
				ASSETCATALOG_COMPILER_APPICON_NAME = AppIcon;
				ASSETCATALOG_COMPILER_GLOBAL_ACCENT_COLOR_NAME = AccentColor;
				CODE_SIGN_STYLE = Automatic;
				CURRENT_PROJECT_VERSION = 1;
				DEVELOPMENT_TEAM = 9P9YQQC5P6;
				GENERATE_INFOPLIST_FILE = YES;
				INFOPLIST_FILE = CSTV/Info.plist;
				INFOPLIST_KEY_UIApplicationSupportsIndirectInputEvents = YES;
				INFOPLIST_KEY_UILaunchStoryboardName = LaunchScreen;
				INFOPLIST_KEY_UISupportedInterfaceOrientations_iPad = "UIInterfaceOrientationPortrait UIInterfaceOrientationPortraitUpsideDown UIInterfaceOrientationLandscapeLeft UIInterfaceOrientationLandscapeRight";
				INFOPLIST_KEY_UISupportedInterfaceOrientations_iPhone = "UIInterfaceOrientationPortrait UIInterfaceOrientationLandscapeLeft UIInterfaceOrientationLandscapeRight";
				IPHONEOS_DEPLOYMENT_TARGET = 15.2;
				LD_RUNPATH_SEARCH_PATHS = (
					"$(inherited)",
					"@executable_path/Frameworks",
				);
				MARKETING_VERSION = 1.0;
				PRODUCT_BUNDLE_IDENTIFIER = io.iosstudy.CSTV;
				PRODUCT_NAME = "$(TARGET_NAME)";
				SWIFT_EMIT_LOC_STRINGS = YES;
				SWIFT_VERSION = 5.0;
				TARGETED_DEVICE_FAMILY = "1,2";
			};
			name = Debug;
		};
		CB1830E627F0EEF700286669 /* Release */ = {
			isa = XCBuildConfiguration;
			buildSettings = {
				ASSETCATALOG_COMPILER_APPICON_NAME = AppIcon;
				ASSETCATALOG_COMPILER_GLOBAL_ACCENT_COLOR_NAME = AccentColor;
				CODE_SIGN_STYLE = Automatic;
				CURRENT_PROJECT_VERSION = 1;
				DEVELOPMENT_TEAM = 9P9YQQC5P6;
				GENERATE_INFOPLIST_FILE = YES;
				INFOPLIST_FILE = CSTV/Info.plist;
				INFOPLIST_KEY_UIApplicationSupportsIndirectInputEvents = YES;
				INFOPLIST_KEY_UILaunchStoryboardName = LaunchScreen;
				INFOPLIST_KEY_UISupportedInterfaceOrientations_iPad = "UIInterfaceOrientationPortrait UIInterfaceOrientationPortraitUpsideDown UIInterfaceOrientationLandscapeLeft UIInterfaceOrientationLandscapeRight";
				INFOPLIST_KEY_UISupportedInterfaceOrientations_iPhone = "UIInterfaceOrientationPortrait UIInterfaceOrientationLandscapeLeft UIInterfaceOrientationLandscapeRight";
				IPHONEOS_DEPLOYMENT_TARGET = 15.2;
				LD_RUNPATH_SEARCH_PATHS = (
					"$(inherited)",
					"@executable_path/Frameworks",
				);
				MARKETING_VERSION = 1.0;
				PRODUCT_BUNDLE_IDENTIFIER = io.iosstudy.CSTV;
				PRODUCT_NAME = "$(TARGET_NAME)";
				SWIFT_EMIT_LOC_STRINGS = YES;
				SWIFT_VERSION = 5.0;
				TARGETED_DEVICE_FAMILY = "1,2";
			};
			name = Release;
		};
/* End XCBuildConfiguration section */

/* Begin XCConfigurationList section */
		CB1830CB27F0EEF400286669 /* Build configuration list for PBXProject "CSTV" */ = {
			isa = XCConfigurationList;
			buildConfigurations = (
				CB1830E227F0EEF700286669 /* Debug */,
				CB1830E327F0EEF700286669 /* Release */,
			);
			defaultConfigurationIsVisible = 0;
			defaultConfigurationName = Release;
		};
		CB1830E427F0EEF700286669 /* Build configuration list for PBXNativeTarget "CSTV" */ = {
			isa = XCConfigurationList;
			buildConfigurations = (
				CB1830E527F0EEF700286669 /* Debug */,
				CB1830E627F0EEF700286669 /* Release */,
			);
			defaultConfigurationIsVisible = 0;
			defaultConfigurationName = Release;
		};
/* End XCConfigurationList section */
	};
	rootObject = CB1830C827F0EEF400286669 /* Project object */;
}
